
Microsoft Visual Studio Solution File, Format Version 12.00
# Visual Studio Version 16
VisualStudioVersion = 16.0.29905.134
MinimumVisualStudioVersion = 10.0.40219.1
Project("{FAE04EC0-301F-11D3-BF4B-00C04F79EFBC}") = "UIPathTest", "UIPathTest\UIPathTest.csproj", "{D314C3CE-2906-4255-B5B1-D62817D94C42}"
EndProject
Project("{FAE04EC0-301F-11D3-BF4B-00C04F79EFBC}") = "JohnnyFoulds.StartupApp", "JohnnyFoulds.StartupApp\JohnnyFoulds.StartupApp.csproj", "{AE4BA9C1-94A8-46AD-BCD6-29C8E78F6F11}"
EndProject
Project("{FAE04EC0-301F-11D3-BF4B-00C04F79EFBC}") = "JohnnyFoulds.Samples", "JohnnyFoulds.Samples\JohnnyFoulds.Samples.csproj", "{D48B1E4F-8323-4505-A0DB-9DB5DD9807C6}"
EndProject
Global
	GlobalSection(SolutionConfigurationPlatforms) = preSolution
		Debug|Any CPU = Debug|Any CPU
		Debug|x86 = Debug|x86
		Release|Any CPU = Release|Any CPU
		Release|x86 = Release|x86
	EndGlobalSection
	GlobalSection(ProjectConfigurationPlatforms) = postSolution
		{D314C3CE-2906-4255-B5B1-D62817D94C42}.Debug|Any CPU.ActiveCfg = Debug|x86
		{D314C3CE-2906-4255-B5B1-D62817D94C42}.Debug|x86.ActiveCfg = Debug|x86
		{D314C3CE-2906-4255-B5B1-D62817D94C42}.Debug|x86.Build.0 = Debug|x86
		{D314C3CE-2906-4255-B5B1-D62817D94C42}.Release|Any CPU.ActiveCfg = Release|x86
		{D314C3CE-2906-4255-B5B1-D62817D94C42}.Release|x86.ActiveCfg = Release|x86
		{D314C3CE-2906-4255-B5B1-D62817D94C42}.Release|x86.Build.0 = Release|x86
		{AE4BA9C1-94A8-46AD-BCD6-29C8E78F6F11}.Debug|Any CPU.ActiveCfg = Debug|Any CPU
		{AE4BA9C1-94A8-46AD-BCD6-29C8E78F6F11}.Debug|Any CPU.Build.0 = Debug|Any CPU
		{AE4BA9C1-94A8-46AD-BCD6-29C8E78F6F11}.Debug|x86.ActiveCfg = Debug|Any CPU
		{AE4BA9C1-94A8-46AD-BCD6-29C8E78F6F11}.Debug|x86.Build.0 = Debug|Any CPU
		{AE4BA9C1-94A8-46AD-BCD6-29C8E78F6F11}.Release|Any CPU.ActiveCfg = Release|Any CPU
		{AE4BA9C1-94A8-46AD-BCD6-29C8E78F6F11}.Release|Any CPU.Build.0 = Release|Any CPU
		{AE4BA9C1-94A8-46AD-BCD6-29C8E78F6F11}.Release|x86.ActiveCfg = Release|Any CPU
		{AE4BA9C1-94A8-46AD-BCD6-29C8E78F6F11}.Release|x86.Build.0 = Release|Any CPU
		{D48B1E4F-8323-4505-A0DB-9DB5DD9807C6}.Debug|Any CPU.ActiveCfg = Debug|Any CPU
		{D48B1E4F-8323-4505-A0DB-9DB5DD9807C6}.Debug|Any CPU.Build.0 = Debug|Any CPU
		{D48B1E4F-8323-4505-A0DB-9DB5DD9807C6}.Debug|x86.ActiveCfg = Debug|Any CPU
		{D48B1E4F-8323-4505-A0DB-9DB5DD9807C6}.Debug|x86.Build.0 = Debug|Any CPU
		{D48B1E4F-8323-4505-A0DB-9DB5DD9807C6}.Release|Any CPU.ActiveCfg = Release|Any CPU
		{D48B1E4F-8323-4505-A0DB-9DB5DD9807C6}.Release|Any CPU.Build.0 = Release|Any CPU
		{D48B1E4F-8323-4505-A0DB-9DB5DD9807C6}.Release|x86.ActiveCfg = Release|Any CPU
		{D48B1E4F-8323-4505-A0DB-9DB5DD9807C6}.Release|x86.Build.0 = Release|Any CPU
	EndGlobalSection
	GlobalSection(SolutionProperties) = preSolution
		HideSolutionNode = FALSE
	EndGlobalSection
	GlobalSection(ExtensibilityGlobals) = postSolution
		SolutionGuid = {6083D094-46E3-4C57-BB8F-03905F401615}
	EndGlobalSection
EndGlobal
